
Microsoft Visual Studio Solution File, Format Version 12.00
# Visual Studio Version 17
VisualStudioVersion = 17.6.33815.320
MinimumVisualStudioVersion = 10.0.40219.1
Project("{FAE04EC0-301F-11D3-BF4B-00C04F79EFBC}") = "assesment1", "assesment1.csproj", "{2EF85921-D526-48C0-AAE5-7A249EA57F87}"
EndProject
Global
	GlobalSection(SolutionConfigurationPlatforms) = preSolution
		Debug|Any CPU = Debug|Any CPU
		Release|Any CPU = Release|Any CPU
	EndGlobalSection
	GlobalSection(ProjectConfigurationPlatforms) = postSolution
		{2EF85921-D526-48C0-AAE5-7A249EA57F87}.Debug|Any CPU.ActiveCfg = Debug|Any CPU
		{2EF85921-D526-48C0-AAE5-7A249EA57F87}.Debug|Any CPU.Build.0 = Debug|Any CPU
		{2EF85921-D526-48C0-AAE5-7A249EA57F87}.Release|Any CPU.ActiveCfg = Release|Any CPU
		{2EF85921-D526-48C0-AAE5-7A249EA57F87}.Release|Any CPU.Build.0 = Release|Any CPU
	EndGlobalSection
	GlobalSection(SolutionProperties) = preSolution
		HideSolutionNode = FALSE
	EndGlobalSection
	GlobalSection(ExtensibilityGlobals) = postSolution
		SolutionGuid = {241238E7-194D-43D6-8CB3-0C02F54CCC33}
	EndGlobalSection
EndGlobal
